
Microsoft Visual Studio Solution File, Format Version 11.00
# Visual Studio 2010
Project("{FAE04EC0-301F-11D3-BF4B-00C04F79EFBC}") = "RTS-Module", "Assembly-CSharp.csproj", "{E7E17E49-4E2C-F2E2-9A9E-A42D7A0161AA}"
EndProject
Project("{FAE04EC0-301F-11D3-BF4B-00C04F79EFBC}") = "RTS-Module", "Assembly-CSharp-Editor.csproj", "{7FBD06A9-0BE6-5B69-55DB-4205CA6FF8F8}"
EndProject
Global
	GlobalSection(SolutionConfigurationPlatforms) = preSolution
		Debug|Any CPU = Debug|Any CPU
		Release|Any CPU = Release|Any CPU
	EndGlobalSection
	GlobalSection(ProjectConfigurationPlatforms) = postSolution
		{E7E17E49-4E2C-F2E2-9A9E-A42D7A0161AA}.Debug|Any CPU.ActiveCfg = Debug|Any CPU
		{E7E17E49-4E2C-F2E2-9A9E-A42D7A0161AA}.Debug|Any CPU.Build.0 = Debug|Any CPU
		{E7E17E49-4E2C-F2E2-9A9E-A42D7A0161AA}.Release|Any CPU.ActiveCfg = Release|Any CPU
		{E7E17E49-4E2C-F2E2-9A9E-A42D7A0161AA}.Release|Any CPU.Build.0 = Release|Any CPU
		{7FBD06A9-0BE6-5B69-55DB-4205CA6FF8F8}.Debug|Any CPU.ActiveCfg = Debug|Any CPU
		{7FBD06A9-0BE6-5B69-55DB-4205CA6FF8F8}.Debug|Any CPU.Build.0 = Debug|Any CPU
		{7FBD06A9-0BE6-5B69-55DB-4205CA6FF8F8}.Release|Any CPU.ActiveCfg = Release|Any CPU
		{7FBD06A9-0BE6-5B69-55DB-4205CA6FF8F8}.Release|Any CPU.Build.0 = Release|Any CPU
	EndGlobalSection
	GlobalSection(SolutionProperties) = preSolution
		HideSolutionNode = FALSE
	EndGlobalSection
	GlobalSection(MonoDevelopProperties) = preSolution
		StartupItem = Assembly-CSharp.csproj
	EndGlobalSection
EndGlobal
